
Microsoft Visual Studio Solution File, Format Version 12.00
# Visual Studio Version 16
VisualStudioVersion = 16.0.31702.278
MinimumVisualStudioVersion = 10.0.40219.1
Project("{FAE04EC0-301F-11D3-BF4B-00C04F79EFBC}") = "KomodoCafe", "KomodoCafe.csproj", "{9E715907-3753-43EB-AC0B-08BC83FB42B2}"
EndProject
Global
	GlobalSection(SolutionConfigurationPlatforms) = preSolution
		Debug|Any CPU = Debug|Any CPU
		Release|Any CPU = Release|Any CPU
	EndGlobalSection
	GlobalSection(ProjectConfigurationPlatforms) = postSolution
		{9E715907-3753-43EB-AC0B-08BC83FB42B2}.Debug|Any CPU.ActiveCfg = Debug|Any CPU
		{9E715907-3753-43EB-AC0B-08BC83FB42B2}.Debug|Any CPU.Build.0 = Debug|Any CPU
		{9E715907-3753-43EB-AC0B-08BC83FB42B2}.Release|Any CPU.ActiveCfg = Release|Any CPU
		{9E715907-3753-43EB-AC0B-08BC83FB42B2}.Release|Any CPU.Build.0 = Release|Any CPU
	EndGlobalSection
	GlobalSection(SolutionProperties) = preSolution
		HideSolutionNode = FALSE
	EndGlobalSection
	GlobalSection(ExtensibilityGlobals) = postSolution
		SolutionGuid = {1FBE25C5-B502-4F14-A93B-DB1B1201BB52}
	EndGlobalSection
EndGlobal
